// !$*UTF8*$!
{
	archiveVersion = 1;
	classes = {
	};
	objectVersion = 55;
	objects = {

/* Begin PBXBuildFile section */
		3502A9BB2885938200547CD9 /* bubblegum_sans_regular.ttf in Resources */ = {isa = PBXBuildFile; fileRef = 3502A9BA2885938200547CD9 /* bubblegum_sans_regular.ttf */; };
		3505B798288A886E0052E7D7 /* UIComponentsFactory.swift in Sources */ = {isa = PBXBuildFile; fileRef = 3505B797288A886E0052E7D7 /* UIComponentsFactory.swift */; };
		3505B79A288A89930052E7D7 /* CustomButton.swift in Sources */ = {isa = PBXBuildFile; fileRef = 3505B799288A89930052E7D7 /* CustomButton.swift */; };
		3505B79C288A89A20052E7D7 /* CustomTextField.swift in Sources */ = {isa = PBXBuildFile; fileRef = 3505B79B288A89A20052E7D7 /* CustomTextField.swift */; };
		3505B79E288A8D870052E7D7 /* CustomLabel.swift in Sources */ = {isa = PBXBuildFile; fileRef = 3505B79D288A8D870052E7D7 /* CustomLabel.swift */; };
		350FC196289153AA002D7B17 /* CustomUIColor.swift in Sources */ = {isa = PBXBuildFile; fileRef = 350FC195289153AA002D7B17 /* CustomUIColor.swift */; };
		350FC198289153EB002D7B17 /* LoginConstants.swift in Sources */ = {isa = PBXBuildFile; fileRef = 350FC197289153EB002D7B17 /* LoginConstants.swift */; };
		3513B636289A6B370048616E /* FirebaseAuth in Frameworks */ = {isa = PBXBuildFile; productRef = 3513B635289A6B370048616E /* FirebaseAuth */; };
		3513B638289A6B370048616E /* FirebaseDatabase in Frameworks */ = {isa = PBXBuildFile; productRef = 3513B637289A6B370048616E /* FirebaseDatabase */; };
		3513B63A289A6B370048616E /* FirebaseFirestore in Frameworks */ = {isa = PBXBuildFile; productRef = 3513B639289A6B370048616E /* FirebaseFirestore */; };
		3513B63C289A95210048616E /* GoogleService-Info.plist in Resources */ = {isa = PBXBuildFile; fileRef = 3513B63B289A95210048616E /* GoogleService-Info.plist */; };
		3513B63F289AA95D0048616E /* UserAccount.swift in Sources */ = {isa = PBXBuildFile; fileRef = 3513B63E289AA95D0048616E /* UserAccount.swift */; };
		3513B645289B24E60048616E /* CodableFirebase in Frameworks */ = {isa = PBXBuildFile; productRef = 3513B644289B24E60048616E /* CodableFirebase */; };
		351BCFED2886918C00E9A6B7 /* NunitoSans_Bold.ttf in Resources */ = {isa = PBXBuildFile; fileRef = 351BCFEC2886918C00E9A6B7 /* NunitoSans_Bold.ttf */; };
		351BCFEF288692C100E9A6B7 /* Roboto_Black.ttf in Resources */ = {isa = PBXBuildFile; fileRef = 351BCFEE288692C100E9A6B7 /* Roboto_Black.ttf */; };
		351BCFF12886959500E9A6B7 /* NunitoSans_Regular.ttf in Resources */ = {isa = PBXBuildFile; fileRef = 351BCFF02886959500E9A6B7 /* NunitoSans_Regular.ttf */; };
		351BCFF32886C6B000E9A6B7 /* UIKitTemplate.swift in Sources */ = {isa = PBXBuildFile; fileRef = 351BCFF22886C6B000E9A6B7 /* UIKitTemplate.swift */; };
		351CC7EA28925AFE00DFEDAF /* TrainingSceneRouter.swift in Sources */ = {isa = PBXBuildFile; fileRef = 351CC7E928925AFE00DFEDAF /* TrainingSceneRouter.swift */; };
		351CC7EC28925B0E00DFEDAF /* TrainingSceneBuilder.swift in Sources */ = {isa = PBXBuildFile; fileRef = 351CC7EB28925B0E00DFEDAF /* TrainingSceneBuilder.swift */; };
		351CC7EE28925B2E00DFEDAF /* TrainingMainViewController.swift in Sources */ = {isa = PBXBuildFile; fileRef = 351CC7ED28925B2E00DFEDAF /* TrainingMainViewController.swift */; };
		351CC7F228925C7600DFEDAF /* TrainingConstants.swift in Sources */ = {isa = PBXBuildFile; fileRef = 351CC7F128925C7600DFEDAF /* TrainingConstants.swift */; };
		351F65B52897BBF000EEB153 /* Extensions.swift in Sources */ = {isa = PBXBuildFile; fileRef = 351F65B42897BBF000EEB153 /* Extensions.swift */; };
		352506B328990E18001DF92D /* KeychainWrapper.swift in Sources */ = {isa = PBXBuildFile; fileRef = 352506B228990E18001DF92D /* KeychainWrapper.swift */; };
		352506BA28990F1F001DF92D /* KeychainItemAccessibility.swift in Sources */ = {isa = PBXBuildFile; fileRef = 352506B628990F1F001DF92D /* KeychainItemAccessibility.swift */; };
		352506BB28990F1F001DF92D /* KeyChainWrapperService.swift in Sources */ = {isa = PBXBuildFile; fileRef = 352506B728990F1F001DF92D /* KeyChainWrapperService.swift */; };
		352506BC28990F1F001DF92D /* KeychainWrapperSubscript.swift in Sources */ = {isa = PBXBuildFile; fileRef = 352506B828990F1F001DF92D /* KeychainWrapperSubscript.swift */; };
		35548739287B25A1009BD164 /* LogicSceneRouter.swift in Sources */ = {isa = PBXBuildFile; fileRef = 35548738287B25A1009BD164 /* LogicSceneRouter.swift */; };
		3554873D287B25C7009BD164 /* ForgotPasswordViewController.swift in Sources */ = {isa = PBXBuildFile; fileRef = 3554873C287B25C7009BD164 /* ForgotPasswordViewController.swift */; };
		3554873F287B25D6009BD164 /* LoginMainViewController.swift in Sources */ = {isa = PBXBuildFile; fileRef = 3554873E287B25D6009BD164 /* LoginMainViewController.swift */; };
		35548741287B25EA009BD164 /* OneTimePasswrodViewController.swift in Sources */ = {isa = PBXBuildFile; fileRef = 35548740287B25EA009BD164 /* OneTimePasswrodViewController.swift */; };
		35548743287B25FE009BD164 /* PasswordCreationViewController.swift in Sources */ = {isa = PBXBuildFile; fileRef = 35548742287B25FE009BD164 /* PasswordCreationViewController.swift */; };
		35548745287B260F009BD164 /* SignupViewController.swift in Sources */ = {isa = PBXBuildFile; fileRef = 35548744287B260F009BD164 /* SignupViewController.swift */; };
		35548747287B2621009BD164 /* AlertFactory.swift in Sources */ = {isa = PBXBuildFile; fileRef = 35548746287B2621009BD164 /* AlertFactory.swift */; };
		35548749287B262E009BD164 /* LoginService.swift in Sources */ = {isa = PBXBuildFile; fileRef = 35548748287B262E009BD164 /* LoginService.swift */; };
		3554874B287B2640009BD164 /* ValidationService.swift in Sources */ = {isa = PBXBuildFile; fileRef = 3554874A287B2640009BD164 /* ValidationService.swift */; };
		35556A93286CE4B800988DA7 /* AppDelegate.swift in Sources */ = {isa = PBXBuildFile; fileRef = 35556A92286CE4B800988DA7 /* AppDelegate.swift */; };
		35556A95286CE4B800988DA7 /* SceneDelegate.swift in Sources */ = {isa = PBXBuildFile; fileRef = 35556A94286CE4B800988DA7 /* SceneDelegate.swift */; };
		35556A9F286CE4B800988DA7 /* Assets.xcassets in Resources */ = {isa = PBXBuildFile; fileRef = 35556A9E286CE4B800988DA7 /* Assets.xcassets */; };
		35556AA2286CE4B800988DA7 /* LaunchScreen.storyboard in Resources */ = {isa = PBXBuildFile; fileRef = 35556AA0286CE4B800988DA7 /* LaunchScreen.storyboard */; };
		3571DF74289FF3B4009DD354 /* SwiftSMTP in Frameworks */ = {isa = PBXBuildFile; productRef = 3571DF73289FF3B4009DD354 /* SwiftSMTP */; };
		35792A2D288C6BB400811631 /* CustomAlert.swift in Sources */ = {isa = PBXBuildFile; fileRef = 35792A2C288C6BB400811631 /* CustomAlert.swift */; };
		358C5778289EB0250036A21C /* FirebaseServiceUserAccount.swift in Sources */ = {isa = PBXBuildFile; fileRef = 358C5777289EB0250036A21C /* FirebaseServiceUserAccount.swift */; };
		35ABD53F2892B6340081EE88 /* UILoginViewController.swift in Sources */ = {isa = PBXBuildFile; fileRef = 35ABD53E2892B6340081EE88 /* UILoginViewController.swift */; };
		35B37C282896A717004014EC /* CustomImageView.swift in Sources */ = {isa = PBXBuildFile; fileRef = 35B37C272896A717004014EC /* CustomImageView.swift */; };
		35B3ADEF2895812A009DEA3C /* UITrainingViewController.swift in Sources */ = {isa = PBXBuildFile; fileRef = 35B3ADEE2895812A009DEA3C /* UITrainingViewController.swift */; };
		35B3ADF128959C20009DEA3C /* CustomDatePicker.swift in Sources */ = {isa = PBXBuildFile; fileRef = 35B3ADF028959C20009DEA3C /* CustomDatePicker.swift */; };
		35F292732887D0FB005AC7CD /* Constants.swift in Sources */ = {isa = PBXBuildFile; fileRef = 35F292722887D0FB005AC7CD /* Constants.swift */; };
		3F62FB0B2893170C0058DC0A /* LoginSceneBuilderNew.swift in Sources */ = {isa = PBXBuildFile; fileRef = 3F62FB0A2893170C0058DC0A /* LoginSceneBuilderNew.swift */; };
		3F71C3FC2890854D00A7B772 /* ViewControllerFactory.swift in Sources */ = {isa = PBXBuildFile; fileRef = 3F71C3FB2890854D00A7B772 /* ViewControllerFactory.swift */; };
/* End PBXBuildFile section */

/* Begin PBXFileReference section */
		3502A9BA2885938200547CD9 /* bubblegum_sans_regular.ttf */ = {isa = PBXFileReference; lastKnownFileType = file; path = bubblegum_sans_regular.ttf; sourceTree = "<group>"; };
		3505B797288A886E0052E7D7 /* UIComponentsFactory.swift */ = {isa = PBXFileReference; lastKnownFileType = sourcecode.swift; path = UIComponentsFactory.swift; sourceTree = "<group>"; };
		3505B799288A89930052E7D7 /* CustomButton.swift */ = {isa = PBXFileReference; lastKnownFileType = sourcecode.swift; path = CustomButton.swift; sourceTree = "<group>"; };
		3505B79B288A89A20052E7D7 /* CustomTextField.swift */ = {isa = PBXFileReference; lastKnownFileType = sourcecode.swift; path = CustomTextField.swift; sourceTree = "<group>"; };
		3505B79D288A8D870052E7D7 /* CustomLabel.swift */ = {isa = PBXFileReference; lastKnownFileType = sourcecode.swift; path = CustomLabel.swift; sourceTree = "<group>"; };
		350FC195289153AA002D7B17 /* CustomUIColor.swift */ = {isa = PBXFileReference; lastKnownFileType = sourcecode.swift; path = CustomUIColor.swift; sourceTree = "<group>"; };
		350FC197289153EB002D7B17 /* LoginConstants.swift */ = {isa = PBXFileReference; lastKnownFileType = sourcecode.swift; path = LoginConstants.swift; sourceTree = "<group>"; };
		3513B63B289A95210048616E /* GoogleService-Info.plist */ = {isa = PBXFileReference; fileEncoding = 4; lastKnownFileType = text.plist.xml; path = "GoogleService-Info.plist"; sourceTree = "<group>"; };
		3513B63E289AA95D0048616E /* UserAccount.swift */ = {isa = PBXFileReference; lastKnownFileType = sourcecode.swift; path = UserAccount.swift; sourceTree = "<group>"; };
		351BCFEC2886918C00E9A6B7 /* NunitoSans_Bold.ttf */ = {isa = PBXFileReference; lastKnownFileType = file; path = NunitoSans_Bold.ttf; sourceTree = "<group>"; };
		351BCFEE288692C100E9A6B7 /* Roboto_Black.ttf */ = {isa = PBXFileReference; lastKnownFileType = file; path = Roboto_Black.ttf; sourceTree = "<group>"; };
		351BCFF02886959500E9A6B7 /* NunitoSans_Regular.ttf */ = {isa = PBXFileReference; lastKnownFileType = file; path = NunitoSans_Regular.ttf; sourceTree = "<group>"; };
		351BCFF22886C6B000E9A6B7 /* UIKitTemplate.swift */ = {isa = PBXFileReference; lastKnownFileType = sourcecode.swift; path = UIKitTemplate.swift; sourceTree = "<group>"; };
		351CC7E928925AFE00DFEDAF /* TrainingSceneRouter.swift */ = {isa = PBXFileReference; lastKnownFileType = sourcecode.swift; path = TrainingSceneRouter.swift; sourceTree = "<group>"; };
		351CC7EB28925B0E00DFEDAF /* TrainingSceneBuilder.swift */ = {isa = PBXFileReference; lastKnownFileType = sourcecode.swift; path = TrainingSceneBuilder.swift; sourceTree = "<group>"; };
		351CC7ED28925B2E00DFEDAF /* TrainingMainViewController.swift */ = {isa = PBXFileReference; lastKnownFileType = sourcecode.swift; path = TrainingMainViewController.swift; sourceTree = "<group>"; };
		351CC7F128925C7600DFEDAF /* TrainingConstants.swift */ = {isa = PBXFileReference; lastKnownFileType = sourcecode.swift; path = TrainingConstants.swift; sourceTree = "<group>"; };
		351F65B42897BBF000EEB153 /* Extensions.swift */ = {isa = PBXFileReference; lastKnownFileType = sourcecode.swift; path = Extensions.swift; sourceTree = "<group>"; };
		352506B228990E18001DF92D /* KeychainWrapper.swift */ = {isa = PBXFileReference; fileEncoding = 4; lastKnownFileType = sourcecode.swift; name = KeychainWrapper.swift; path = CHeckInSize/Services/KeychainWrapper/KeychainWrapper.swift; sourceTree = SOURCE_ROOT; };
		352506B628990F1F001DF92D /* KeychainItemAccessibility.swift */ = {isa = PBXFileReference; fileEncoding = 4; lastKnownFileType = sourcecode.swift; path = KeychainItemAccessibility.swift; sourceTree = "<group>"; };
		352506B728990F1F001DF92D /* KeyChainWrapperService.swift */ = {isa = PBXFileReference; fileEncoding = 4; lastKnownFileType = sourcecode.swift; path = KeyChainWrapperService.swift; sourceTree = "<group>"; };
		352506B828990F1F001DF92D /* KeychainWrapperSubscript.swift */ = {isa = PBXFileReference; fileEncoding = 4; lastKnownFileType = sourcecode.swift; path = KeychainWrapperSubscript.swift; sourceTree = "<group>"; };
		352506B928990F1F001DF92D /* SwiftKeychainWrapper.h */ = {isa = PBXFileReference; fileEncoding = 4; lastKnownFileType = sourcecode.c.h; path = SwiftKeychainWrapper.h; sourceTree = "<group>"; };
		35548738287B25A1009BD164 /* LogicSceneRouter.swift */ = {isa = PBXFileReference; lastKnownFileType = sourcecode.swift; path = LogicSceneRouter.swift; sourceTree = "<group>"; };
		3554873C287B25C7009BD164 /* ForgotPasswordViewController.swift */ = {isa = PBXFileReference; lastKnownFileType = sourcecode.swift; path = ForgotPasswordViewController.swift; sourceTree = "<group>"; };
		3554873E287B25D6009BD164 /* LoginMainViewController.swift */ = {isa = PBXFileReference; lastKnownFileType = sourcecode.swift; path = LoginMainViewController.swift; sourceTree = "<group>"; };
		35548740287B25EA009BD164 /* OneTimePasswrodViewController.swift */ = {isa = PBXFileReference; lastKnownFileType = sourcecode.swift; path = OneTimePasswrodViewController.swift; sourceTree = "<group>"; };
		35548742287B25FE009BD164 /* PasswordCreationViewController.swift */ = {isa = PBXFileReference; lastKnownFileType = sourcecode.swift; path = PasswordCreationViewController.swift; sourceTree = "<group>"; };
		35548744287B260F009BD164 /* SignupViewController.swift */ = {isa = PBXFileReference; lastKnownFileType = sourcecode.swift; path = SignupViewController.swift; sourceTree = "<group>"; };
		35548746287B2621009BD164 /* AlertFactory.swift */ = {isa = PBXFileReference; lastKnownFileType = sourcecode.swift; path = AlertFactory.swift; sourceTree = "<group>"; };
		35548748287B262E009BD164 /* LoginService.swift */ = {isa = PBXFileReference; lastKnownFileType = sourcecode.swift; path = LoginService.swift; sourceTree = "<group>"; };
		3554874A287B2640009BD164 /* ValidationService.swift */ = {isa = PBXFileReference; lastKnownFileType = sourcecode.swift; path = ValidationService.swift; sourceTree = "<group>"; };
		35556A8F286CE4B700988DA7 /* CHeckInSize.app */ = {isa = PBXFileReference; explicitFileType = wrapper.application; includeInIndex = 0; path = CHeckInSize.app; sourceTree = BUILT_PRODUCTS_DIR; };
		35556A92286CE4B800988DA7 /* AppDelegate.swift */ = {isa = PBXFileReference; lastKnownFileType = sourcecode.swift; path = AppDelegate.swift; sourceTree = "<group>"; };
		35556A94286CE4B800988DA7 /* SceneDelegate.swift */ = {isa = PBXFileReference; lastKnownFileType = sourcecode.swift; path = SceneDelegate.swift; sourceTree = "<group>"; };
		35556A9E286CE4B800988DA7 /* Assets.xcassets */ = {isa = PBXFileReference; lastKnownFileType = folder.assetcatalog; path = Assets.xcassets; sourceTree = "<group>"; };
		35556AA1286CE4B800988DA7 /* Base */ = {isa = PBXFileReference; lastKnownFileType = file.storyboard; name = Base; path = Base.lproj/LaunchScreen.storyboard; sourceTree = "<group>"; };
		35556AA3286CE4B800988DA7 /* Info.plist */ = {isa = PBXFileReference; lastKnownFileType = text.plist.xml; path = Info.plist; sourceTree = "<group>"; };
		35792A2C288C6BB400811631 /* CustomAlert.swift */ = {isa = PBXFileReference; lastKnownFileType = sourcecode.swift; path = CustomAlert.swift; sourceTree = "<group>"; };
		358C5777289EB0250036A21C /* FirebaseServiceUserAccount.swift */ = {isa = PBXFileReference; lastKnownFileType = sourcecode.swift; path = FirebaseServiceUserAccount.swift; sourceTree = "<group>"; };
		35ABD53E2892B6340081EE88 /* UILoginViewController.swift */ = {isa = PBXFileReference; lastKnownFileType = sourcecode.swift; path = UILoginViewController.swift; sourceTree = "<group>"; };
		35B37C272896A717004014EC /* CustomImageView.swift */ = {isa = PBXFileReference; lastKnownFileType = sourcecode.swift; path = CustomImageView.swift; sourceTree = "<group>"; };
		35B3ADEE2895812A009DEA3C /* UITrainingViewController.swift */ = {isa = PBXFileReference; lastKnownFileType = sourcecode.swift; path = UITrainingViewController.swift; sourceTree = "<group>"; };
		35B3ADF028959C20009DEA3C /* CustomDatePicker.swift */ = {isa = PBXFileReference; lastKnownFileType = sourcecode.swift; path = CustomDatePicker.swift; sourceTree = "<group>"; };
		35F292722887D0FB005AC7CD /* Constants.swift */ = {isa = PBXFileReference; lastKnownFileType = sourcecode.swift; path = Constants.swift; sourceTree = "<group>"; };
		3F62FB0A2893170C0058DC0A /* LoginSceneBuilderNew.swift */ = {isa = PBXFileReference; lastKnownFileType = sourcecode.swift; path = LoginSceneBuilderNew.swift; sourceTree = "<group>"; };
		3F71C3FB2890854D00A7B772 /* ViewControllerFactory.swift */ = {isa = PBXFileReference; lastKnownFileType = sourcecode.swift; path = ViewControllerFactory.swift; sourceTree = "<group>"; };
/* End PBXFileReference section */

/* Begin PBXFrameworksBuildPhase section */
		35556A8C286CE4B700988DA7 /* Frameworks */ = {
			isa = PBXFrameworksBuildPhase;
			buildActionMask = 2147483647;
			files = (
				3513B638289A6B370048616E /* FirebaseDatabase in Frameworks */,
				3513B636289A6B370048616E /* FirebaseAuth in Frameworks */,
				3571DF74289FF3B4009DD354 /* SwiftSMTP in Frameworks */,
				3513B645289B24E60048616E /* CodableFirebase in Frameworks */,
				3513B63A289A6B370048616E /* FirebaseFirestore in Frameworks */,
			);
			runOnlyForDeploymentPostprocessing = 0;
		};
/* End PBXFrameworksBuildPhase section */

/* Begin PBXGroup section */
		3513B63D289A9DFF0048616E /* Model */ = {
			isa = PBXGroup;
			children = (
				3513B63E289AA95D0048616E /* UserAccount.swift */,
			);
			path = Model;
			sourceTree = "<group>";
		};
		3513B642289AEBFC0048616E /* KeychainWrapper */ = {
			isa = PBXGroup;
			children = (
				352506B728990F1F001DF92D /* KeyChainWrapperService.swift */,
				352506B228990E18001DF92D /* KeychainWrapper.swift */,
				352506B628990F1F001DF92D /* KeychainItemAccessibility.swift */,
				352506B828990F1F001DF92D /* KeychainWrapperSubscript.swift */,
				352506B928990F1F001DF92D /* SwiftKeychainWrapper.h */,
			);
			path = KeychainWrapper;
			sourceTree = "<group>";
		};
		351CC7E728925AD500DFEDAF /* TrainingScene */ = {
			isa = PBXGroup;
			children = (
				351CC7E928925AFE00DFEDAF /* TrainingSceneRouter.swift */,
				351CC7EB28925B0E00DFEDAF /* TrainingSceneBuilder.swift */,
				351CC7E828925AE700DFEDAF /* View */,
			);
			path = TrainingScene;
			sourceTree = "<group>";
		};
		351CC7E828925AE700DFEDAF /* View */ = {
			isa = PBXGroup;
			children = (
				35B3ADEE2895812A009DEA3C /* UITrainingViewController.swift */,
				351CC7ED28925B2E00DFEDAF /* TrainingMainViewController.swift */,
				351CC7F128925C7600DFEDAF /* TrainingConstants.swift */,
			);
			path = View;
			sourceTree = "<group>";
		};
		351CC7F328927AC800DFEDAF /* Extensions */ = {
			isa = PBXGroup;
			children = (
				350FC195289153AA002D7B17 /* CustomUIColor.swift */,
				351F65B42897BBF000EEB153 /* Extensions.swift */,
			);
			path = Extensions;
			sourceTree = "<group>";
		};
		3554872D287B1F10009BD164 /* Common */ = {
			isa = PBXGroup;
			children = (
				35556A92286CE4B800988DA7 /* AppDelegate.swift */,
				35556A94286CE4B800988DA7 /* SceneDelegate.swift */,
			);
			path = Common;
			sourceTree = "<group>";
		};
		3554872E287B1F85009BD164 /* LoginScene */ = {
			isa = PBXGroup;
			children = (
				35548738287B25A1009BD164 /* LogicSceneRouter.swift */,
				3F62FB0A2893170C0058DC0A /* LoginSceneBuilderNew.swift */,
				35548736287B24EF009BD164 /* View */,
			);
			path = LoginScene;
			sourceTree = "<group>";
		};
		35548732287B2465009BD164 /* Storyboards */ = {
			isa = PBXGroup;
			children = (
				35556AA0286CE4B800988DA7 /* LaunchScreen.storyboard */,
			);
			path = Storyboards;
			sourceTree = "<group>";
		};
		35548733287B247D009BD164 /* Resources */ = {
			isa = PBXGroup;
			children = (
				35556A9E286CE4B800988DA7 /* Assets.xcassets */,
			);
			path = Resources;
			sourceTree = "<group>";
		};
		35548736287B24EF009BD164 /* View */ = {
			isa = PBXGroup;
			children = (
				35ABD53E2892B6340081EE88 /* UILoginViewController.swift */,
				3554873C287B25C7009BD164 /* ForgotPasswordViewController.swift */,
				3554873E287B25D6009BD164 /* LoginMainViewController.swift */,
				35548740287B25EA009BD164 /* OneTimePasswrodViewController.swift */,
				35548742287B25FE009BD164 /* PasswordCreationViewController.swift */,
				35548744287B260F009BD164 /* SignupViewController.swift */,
				350FC197289153EB002D7B17 /* LoginConstants.swift */,
			);
			path = View;
			sourceTree = "<group>";
		};
		35548737287B255B009BD164 /* Services */ = {
			isa = PBXGroup;
			children = (
				35548748287B262E009BD164 /* LoginService.swift */,
				3554874A287B2640009BD164 /* ValidationService.swift */,
				358C5777289EB0250036A21C /* FirebaseServiceUserAccount.swift */,
				3513B642289AEBFC0048616E /* KeychainWrapper */,
			);
			path = Services;
			sourceTree = "<group>";
		};
		35556A86286CE4B700988DA7 = {
			isa = PBXGroup;
			children = (
				35556A91286CE4B700988DA7 /* CHeckInSize */,
				35556A90286CE4B700988DA7 /* Products */,
			);
			sourceTree = "<group>";
		};
		35556A90286CE4B700988DA7 /* Products */ = {
			isa = PBXGroup;
			children = (
				35556A8F286CE4B700988DA7 /* CHeckInSize.app */,
			);
			name = Products;
			sourceTree = "<group>";
		};
		35556A91286CE4B700988DA7 /* CHeckInSize */ = {
			isa = PBXGroup;
			children = (
				35556AA3286CE4B800988DA7 /* Info.plist */,
				3513B63B289A95210048616E /* GoogleService-Info.plist */,
				3502A9BA2885938200547CD9 /* bubblegum_sans_regular.ttf */,
				351BCFF02886959500E9A6B7 /* NunitoSans_Regular.ttf */,
				351BCFEC2886918C00E9A6B7 /* NunitoSans_Bold.ttf */,
				351BCFEE288692C100E9A6B7 /* Roboto_Black.ttf */,
				3554872D287B1F10009BD164 /* Common */,
				3513B63D289A9DFF0048616E /* Model */,
				3554872E287B1F85009BD164 /* LoginScene */,
				351CC7E728925AD500DFEDAF /* TrainingScene */,
				35548732287B2465009BD164 /* Storyboards */,
				35548733287B247D009BD164 /* Resources */,
				35548737287B255B009BD164 /* Services */,
				351CC7F328927AC800DFEDAF /* Extensions */,
				35F292742887D219005AC7CD /* UIKitComponents */,
			);
			path = CHeckInSize;
			sourceTree = "<group>";
		};
		35F292742887D219005AC7CD /* UIKitComponents */ = {
			isa = PBXGroup;
			children = (
				351BCFF22886C6B000E9A6B7 /* UIKitTemplate.swift */,
				3F71C3FB2890854D00A7B772 /* ViewControllerFactory.swift */,
				35F292722887D0FB005AC7CD /* Constants.swift */,
				35548746287B2621009BD164 /* AlertFactory.swift */,
				35792A2C288C6BB400811631 /* CustomAlert.swift */,
				3505B797288A886E0052E7D7 /* UIComponentsFactory.swift */,
				3505B799288A89930052E7D7 /* CustomButton.swift */,
				3505B79B288A89A20052E7D7 /* CustomTextField.swift */,
				3505B79D288A8D870052E7D7 /* CustomLabel.swift */,
				35B3ADF028959C20009DEA3C /* CustomDatePicker.swift */,
				35B37C272896A717004014EC /* CustomImageView.swift */,
			);
			path = UIKitComponents;
			sourceTree = "<group>";
		};
/* End PBXGroup section */

/* Begin PBXNativeTarget section */
		35556A8E286CE4B700988DA7 /* CHeckInSize */ = {
			isa = PBXNativeTarget;
			buildConfigurationList = 35556AA6286CE4B800988DA7 /* Build configuration list for PBXNativeTarget "CHeckInSize" */;
			buildPhases = (
				35556A8B286CE4B700988DA7 /* Sources */,
				35556A8C286CE4B700988DA7 /* Frameworks */,
				35556A8D286CE4B700988DA7 /* Resources */,
			);
			buildRules = (
			);
			dependencies = (
			);
			name = CHeckInSize;
			packageProductDependencies = (
				3513B635289A6B370048616E /* FirebaseAuth */,
				3513B637289A6B370048616E /* FirebaseDatabase */,
				3513B639289A6B370048616E /* FirebaseFirestore */,
				3513B644289B24E60048616E /* CodableFirebase */,
				3571DF73289FF3B4009DD354 /* SwiftSMTP */,
			);
			productName = CHeckInSize;
			productReference = 35556A8F286CE4B700988DA7 /* CHeckInSize.app */;
			productType = "com.apple.product-type.application";
		};
/* End PBXNativeTarget section */

/* Begin PBXProject section */
		35556A87286CE4B700988DA7 /* Project object */ = {
			isa = PBXProject;
			attributes = {
				BuildIndependentTargetsInParallel = 1;
				LastSwiftUpdateCheck = 1320;
				LastUpgradeCheck = 1320;
				TargetAttributes = {
					35556A8E286CE4B700988DA7 = {
						CreatedOnToolsVersion = 13.2.1;
					};
				};
			};
			buildConfigurationList = 35556A8A286CE4B700988DA7 /* Build configuration list for PBXProject "CHeckInSize" */;
			compatibilityVersion = "Xcode 13.0";
			developmentRegion = en;
			hasScannedForEncodings = 0;
			knownRegions = (
				en,
				Base,
			);
			mainGroup = 35556A86286CE4B700988DA7;
			packageReferences = (
				3513B634289A6B370048616E /* XCRemoteSwiftPackageReference "firebase-ios-sdk" */,
				3513B643289B24E60048616E /* XCRemoteSwiftPackageReference "CodableFirebase" */,
				3571DF72289FF3B4009DD354 /* XCRemoteSwiftPackageReference "Swift-SMTP" */,
			);
			productRefGroup = 35556A90286CE4B700988DA7 /* Products */;
			projectDirPath = "";
			projectRoot = "";
			targets = (
				35556A8E286CE4B700988DA7 /* CHeckInSize */,
			);
		};
/* End PBXProject section */

/* Begin PBXResourcesBuildPhase section */
		35556A8D286CE4B700988DA7 /* Resources */ = {
			isa = PBXResourcesBuildPhase;
			buildActionMask = 2147483647;
			files = (
				35556AA2286CE4B800988DA7 /* LaunchScreen.storyboard in Resources */,
				351BCFEF288692C100E9A6B7 /* Roboto_Black.ttf in Resources */,
				351BCFED2886918C00E9A6B7 /* NunitoSans_Bold.ttf in Resources */,
				3502A9BB2885938200547CD9 /* bubblegum_sans_regular.ttf in Resources */,
				35556A9F286CE4B800988DA7 /* Assets.xcassets in Resources */,
				351BCFF12886959500E9A6B7 /* NunitoSans_Regular.ttf in Resources */,
				3513B63C289A95210048616E /* GoogleService-Info.plist in Resources */,
			);
			runOnlyForDeploymentPostprocessing = 0;
		};
/* End PBXResourcesBuildPhase section */

/* Begin PBXSourcesBuildPhase section */
		35556A8B286CE4B700988DA7 /* Sources */ = {
			isa = PBXSourcesBuildPhase;
			buildActionMask = 2147483647;
			files = (
				35548741287B25EA009BD164 /* OneTimePasswrodViewController.swift in Sources */,
				3505B79E288A8D870052E7D7 /* CustomLabel.swift in Sources */,
				35B3ADF128959C20009DEA3C /* CustomDatePicker.swift in Sources */,
				351BCFF32886C6B000E9A6B7 /* UIKitTemplate.swift in Sources */,
				351CC7EA28925AFE00DFEDAF /* TrainingSceneRouter.swift in Sources */,
				351CC7EE28925B2E00DFEDAF /* TrainingMainViewController.swift in Sources */,
				351F65B52897BBF000EEB153 /* Extensions.swift in Sources */,
				350FC196289153AA002D7B17 /* CustomUIColor.swift in Sources */,
				35792A2D288C6BB400811631 /* CustomAlert.swift in Sources */,
				3505B798288A886E0052E7D7 /* UIComponentsFactory.swift in Sources */,
				35548745287B260F009BD164 /* SignupViewController.swift in Sources */,
				3554873F287B25D6009BD164 /* LoginMainViewController.swift in Sources */,
				35556A93286CE4B800988DA7 /* AppDelegate.swift in Sources */,
				35548743287B25FE009BD164 /* PasswordCreationViewController.swift in Sources */,
				35B37C282896A717004014EC /* CustomImageView.swift in Sources */,
				350FC198289153EB002D7B17 /* LoginConstants.swift in Sources */,
				352506B328990E18001DF92D /* KeychainWrapper.swift in Sources */,
				35ABD53F2892B6340081EE88 /* UILoginViewController.swift in Sources */,
				351CC7EC28925B0E00DFEDAF /* TrainingSceneBuilder.swift in Sources */,
				35B3ADEF2895812A009DEA3C /* UITrainingViewController.swift in Sources */,
				352506BB28990F1F001DF92D /* KeyChainWrapperService.swift in Sources */,
				3554873D287B25C7009BD164 /* ForgotPasswordViewController.swift in Sources */,
				35548749287B262E009BD164 /* LoginService.swift in Sources */,
				3554874B287B2640009BD164 /* ValidationService.swift in Sources */,
				3F71C3FC2890854D00A7B772 /* ViewControllerFactory.swift in Sources */,
				351CC7F228925C7600DFEDAF /* TrainingConstants.swift in Sources */,
				352506BC28990F1F001DF92D /* KeychainWrapperSubscript.swift in Sources */,
				3505B79A288A89930052E7D7 /* CustomButton.swift in Sources */,
				35548747287B2621009BD164 /* AlertFactory.swift in Sources */,
				35548739287B25A1009BD164 /* LogicSceneRouter.swift in Sources */,
				3505B79C288A89A20052E7D7 /* CustomTextField.swift in Sources */,
				35556A95286CE4B800988DA7 /* SceneDelegate.swift in Sources */,
				352506BA28990F1F001DF92D /* KeychainItemAccessibility.swift in Sources */,
				358C5778289EB0250036A21C /* FirebaseServiceUserAccount.swift in Sources */,
				3513B63F289AA95D0048616E /* UserAccount.swift in Sources */,
				3F62FB0B2893170C0058DC0A /* LoginSceneBuilderNew.swift in Sources */,
				35F292732887D0FB005AC7CD /* Constants.swift in Sources */,
			);
			runOnlyForDeploymentPostprocessing = 0;
		};
/* End PBXSourcesBuildPhase section */

/* Begin PBXVariantGroup section */
		35556AA0286CE4B800988DA7 /* LaunchScreen.storyboard */ = {
			isa = PBXVariantGroup;
			children = (
				35556AA1286CE4B800988DA7 /* Base */,
			);
			name = LaunchScreen.storyboard;
			sourceTree = "<group>";
		};
/* End PBXVariantGroup section */

/* Begin XCBuildConfiguration section */
		35556AA4286CE4B800988DA7 /* Debug */ = {
			isa = XCBuildConfiguration;
			buildSettings = {
				ALWAYS_SEARCH_USER_PATHS = NO;
				CLANG_ANALYZER_NONNULL = YES;
				CLANG_ANALYZER_NUMBER_OBJECT_CONVERSION = YES_AGGRESSIVE;
				CLANG_CXX_LANGUAGE_STANDARD = "gnu++17";
				CLANG_CXX_LIBRARY = "libc++";
				CLANG_ENABLE_MODULES = YES;
				CLANG_ENABLE_OBJC_ARC = YES;
				CLANG_ENABLE_OBJC_WEAK = YES;
				CLANG_WARN_BLOCK_CAPTURE_AUTORELEASING = YES;
				CLANG_WARN_BOOL_CONVERSION = YES;
				CLANG_WARN_COMMA = YES;
				CLANG_WARN_CONSTANT_CONVERSION = YES;
				CLANG_WARN_DEPRECATED_OBJC_IMPLEMENTATIONS = YES;
				CLANG_WARN_DIRECT_OBJC_ISA_USAGE = YES_ERROR;
				CLANG_WARN_DOCUMENTATION_COMMENTS = YES;
				CLANG_WARN_EMPTY_BODY = YES;
				CLANG_WARN_ENUM_CONVERSION = YES;
				CLANG_WARN_INFINITE_RECURSION = YES;
				CLANG_WARN_INT_CONVERSION = YES;
				CLANG_WARN_NON_LITERAL_NULL_CONVERSION = YES;
				CLANG_WARN_OBJC_IMPLICIT_RETAIN_SELF = YES;
				CLANG_WARN_OBJC_LITERAL_CONVERSION = YES;
				CLANG_WARN_OBJC_ROOT_CLASS = YES_ERROR;
				CLANG_WARN_QUOTED_INCLUDE_IN_FRAMEWORK_HEADER = YES;
				CLANG_WARN_RANGE_LOOP_ANALYSIS = YES;
				CLANG_WARN_STRICT_PROTOTYPES = YES;
				CLANG_WARN_SUSPICIOUS_MOVE = YES;
				CLANG_WARN_UNGUARDED_AVAILABILITY = YES_AGGRESSIVE;
				CLANG_WARN_UNREACHABLE_CODE = YES;
				CLANG_WARN__DUPLICATE_METHOD_MATCH = YES;
				COPY_PHASE_STRIP = NO;
				DEBUG_INFORMATION_FORMAT = dwarf;
				ENABLE_STRICT_OBJC_MSGSEND = YES;
				ENABLE_TESTABILITY = YES;
				GCC_C_LANGUAGE_STANDARD = gnu11;
				GCC_DYNAMIC_NO_PIC = NO;
				GCC_NO_COMMON_BLOCKS = YES;
				GCC_OPTIMIZATION_LEVEL = 0;
				GCC_PREPROCESSOR_DEFINITIONS = (
					"DEBUG=1",
					"$(inherited)",
				);
				GCC_WARN_64_TO_32_BIT_CONVERSION = YES;
				GCC_WARN_ABOUT_RETURN_TYPE = YES_ERROR;
				GCC_WARN_UNDECLARED_SELECTOR = YES;
				GCC_WARN_UNINITIALIZED_AUTOS = YES_AGGRESSIVE;
				GCC_WARN_UNUSED_FUNCTION = YES;
				GCC_WARN_UNUSED_VARIABLE = YES;
				IPHONEOS_DEPLOYMENT_TARGET = 15.2;
				MTL_ENABLE_DEBUG_INFO = INCLUDE_SOURCE;
				MTL_FAST_MATH = YES;
				ONLY_ACTIVE_ARCH = YES;
				SDKROOT = iphoneos;
				SWIFT_ACTIVE_COMPILATION_CONDITIONS = DEBUG;
				SWIFT_OPTIMIZATION_LEVEL = "-Onone";
			};
			name = Debug;
		};
		35556AA5286CE4B800988DA7 /* Release */ = {
			isa = XCBuildConfiguration;
			buildSettings = {
				ALWAYS_SEARCH_USER_PATHS = NO;
				CLANG_ANALYZER_NONNULL = YES;
				CLANG_ANALYZER_NUMBER_OBJECT_CONVERSION = YES_AGGRESSIVE;
				CLANG_CXX_LANGUAGE_STANDARD = "gnu++17";
				CLANG_CXX_LIBRARY = "libc++";
				CLANG_ENABLE_MODULES = YES;
				CLANG_ENABLE_OBJC_ARC = YES;
				CLANG_ENABLE_OBJC_WEAK = YES;
				CLANG_WARN_BLOCK_CAPTURE_AUTORELEASING = YES;
				CLANG_WARN_BOOL_CONVERSION = YES;
				CLANG_WARN_COMMA = YES;
				CLANG_WARN_CONSTANT_CONVERSION = YES;
				CLANG_WARN_DEPRECATED_OBJC_IMPLEMENTATIONS = YES;
				CLANG_WARN_DIRECT_OBJC_ISA_USAGE = YES_ERROR;
				CLANG_WARN_DOCUMENTATION_COMMENTS = YES;
				CLANG_WARN_EMPTY_BODY = YES;
				CLANG_WARN_ENUM_CONVERSION = YES;
				CLANG_WARN_INFINITE_RECURSION = YES;
				CLANG_WARN_INT_CONVERSION = YES;
				CLANG_WARN_NON_LITERAL_NULL_CONVERSION = YES;
				CLANG_WARN_OBJC_IMPLICIT_RETAIN_SELF = YES;
				CLANG_WARN_OBJC_LITERAL_CONVERSION = YES;
				CLANG_WARN_OBJC_ROOT_CLASS = YES_ERROR;
				CLANG_WARN_QUOTED_INCLUDE_IN_FRAMEWORK_HEADER = YES;
				CLANG_WARN_RANGE_LOOP_ANALYSIS = YES;
				CLANG_WARN_STRICT_PROTOTYPES = YES;
				CLANG_WARN_SUSPICIOUS_MOVE = YES;
				CLANG_WARN_UNGUARDED_AVAILABILITY = YES_AGGRESSIVE;
				CLANG_WARN_UNREACHABLE_CODE = YES;
				CLANG_WARN__DUPLICATE_METHOD_MATCH = YES;
				COPY_PHASE_STRIP = NO;
				DEBUG_INFORMATION_FORMAT = "dwarf-with-dsym";
				ENABLE_NS_ASSERTIONS = NO;
				ENABLE_STRICT_OBJC_MSGSEND = YES;
				GCC_C_LANGUAGE_STANDARD = gnu11;
				GCC_NO_COMMON_BLOCKS = YES;
				GCC_WARN_64_TO_32_BIT_CONVERSION = YES;
				GCC_WARN_ABOUT_RETURN_TYPE = YES_ERROR;
				GCC_WARN_UNDECLARED_SELECTOR = YES;
				GCC_WARN_UNINITIALIZED_AUTOS = YES_AGGRESSIVE;
				GCC_WARN_UNUSED_FUNCTION = YES;
				GCC_WARN_UNUSED_VARIABLE = YES;
				IPHONEOS_DEPLOYMENT_TARGET = 15.2;
				MTL_ENABLE_DEBUG_INFO = NO;
				MTL_FAST_MATH = YES;
				SDKROOT = iphoneos;
				SWIFT_COMPILATION_MODE = wholemodule;
				SWIFT_OPTIMIZATION_LEVEL = "-O";
				VALIDATE_PRODUCT = YES;
			};
			name = Release;
		};
		35556AA7286CE4B800988DA7 /* Debug */ = {
			isa = XCBuildConfiguration;
			buildSettings = {
				ASSETCATALOG_COMPILER_APPICON_NAME = AppIcon;
				ASSETCATALOG_COMPILER_GLOBAL_ACCENT_COLOR_NAME = AccentColor;
				CODE_SIGN_STYLE = Automatic;
				CURRENT_PROJECT_VERSION = 1;
				DEVELOPMENT_TEAM = 8NJCRS324X;
				GENERATE_INFOPLIST_FILE = YES;
				INFOPLIST_FILE = CHeckInSize/Info.plist;
				INFOPLIST_KEY_UIApplicationSupportsIndirectInputEvents = YES;
				INFOPLIST_KEY_UILaunchStoryboardName = LaunchScreen;
				INFOPLIST_KEY_UISupportedInterfaceOrientations_iPad = "UIInterfaceOrientationPortrait UIInterfaceOrientationPortraitUpsideDown UIInterfaceOrientationLandscapeLeft UIInterfaceOrientationLandscapeRight";
				INFOPLIST_KEY_UISupportedInterfaceOrientations_iPhone = "UIInterfaceOrientationPortrait UIInterfaceOrientationLandscapeLeft UIInterfaceOrientationLandscapeRight";
				LD_RUNPATH_SEARCH_PATHS = (
					"$(inherited)",
					"@executable_path/Frameworks",
				);
				MARKETING_VERSION = 1.0;
				PRODUCT_BUNDLE_IDENTIFIER = "Artemeva-VV.CHeckInSize";
				PRODUCT_NAME = "$(TARGET_NAME)";
				SWIFT_EMIT_LOC_STRINGS = YES;
				SWIFT_VERSION = 5.0;
				TARGETED_DEVICE_FAMILY = "1,2";
			};
			name = Debug;
		};
		35556AA8286CE4B800988DA7 /* Release */ = {
			isa = XCBuildConfiguration;
			buildSettings = {
				ASSETCATALOG_COMPILER_APPICON_NAME = AppIcon;
				ASSETCATALOG_COMPILER_GLOBAL_ACCENT_COLOR_NAME = AccentColor;
				CODE_SIGN_STYLE = Automatic;
				CURRENT_PROJECT_VERSION = 1;
				DEVELOPMENT_TEAM = 8NJCRS324X;
				GENERATE_INFOPLIST_FILE = YES;
				INFOPLIST_FILE = CHeckInSize/Info.plist;
				INFOPLIST_KEY_UIApplicationSupportsIndirectInputEvents = YES;
				INFOPLIST_KEY_UILaunchStoryboardName = LaunchScreen;
				INFOPLIST_KEY_UISupportedInterfaceOrientations_iPad = "UIInterfaceOrientationPortrait UIInterfaceOrientationPortraitUpsideDown UIInterfaceOrientationLandscapeLeft UIInterfaceOrientationLandscapeRight";
				INFOPLIST_KEY_UISupportedInterfaceOrientations_iPhone = "UIInterfaceOrientationPortrait UIInterfaceOrientationLandscapeLeft UIInterfaceOrientationLandscapeRight";
				LD_RUNPATH_SEARCH_PATHS = (
					"$(inherited)",
					"@executable_path/Frameworks",
				);
				MARKETING_VERSION = 1.0;
				PRODUCT_BUNDLE_IDENTIFIER = "Artemeva-VV.CHeckInSize";
				PRODUCT_NAME = "$(TARGET_NAME)";
				SWIFT_EMIT_LOC_STRINGS = YES;
				SWIFT_VERSION = 5.0;
				TARGETED_DEVICE_FAMILY = "1,2";
			};
			name = Release;
		};
/* End XCBuildConfiguration section */

/* Begin XCConfigurationList section */
		35556A8A286CE4B700988DA7 /* Build configuration list for PBXProject "CHeckInSize" */ = {
			isa = XCConfigurationList;
			buildConfigurations = (
				35556AA4286CE4B800988DA7 /* Debug */,
				35556AA5286CE4B800988DA7 /* Release */,
			);
			defaultConfigurationIsVisible = 0;
			defaultConfigurationName = Release;
		};
		35556AA6286CE4B800988DA7 /* Build configuration list for PBXNativeTarget "CHeckInSize" */ = {
			isa = XCConfigurationList;
			buildConfigurations = (
				35556AA7286CE4B800988DA7 /* Debug */,
				35556AA8286CE4B800988DA7 /* Release */,
			);
			defaultConfigurationIsVisible = 0;
			defaultConfigurationName = Release;
		};
/* End XCConfigurationList section */

/* Begin XCRemoteSwiftPackageReference section */
		3513B634289A6B370048616E /* XCRemoteSwiftPackageReference "firebase-ios-sdk" */ = {
			isa = XCRemoteSwiftPackageReference;
			repositoryURL = "https://github.com/firebase/firebase-ios-sdk";
			requirement = {
				kind = upToNextMajorVersion;
				minimumVersion = 8.10.0;
			};
		};
		3513B643289B24E60048616E /* XCRemoteSwiftPackageReference "CodableFirebase" */ = {
			isa = XCRemoteSwiftPackageReference;
			repositoryURL = "https://github.com/alickbass/CodableFirebase.git";
			requirement = {
				kind = upToNextMajorVersion;
				minimumVersion = 0.2.2;
			};
		};
		3571DF72289FF3B4009DD354 /* XCRemoteSwiftPackageReference "Swift-SMTP" */ = {
			isa = XCRemoteSwiftPackageReference;
			repositoryURL = "https://github.com/Kitura/Swift-SMTP.git";
			requirement = {
				kind = upToNextMajorVersion;
				minimumVersion = 6.0.0;
			};
		};
/* End XCRemoteSwiftPackageReference section */

/* Begin XCSwiftPackageProductDependency section */
		3513B635289A6B370048616E /* FirebaseAuth */ = {
			isa = XCSwiftPackageProductDependency;
			package = 3513B634289A6B370048616E /* XCRemoteSwiftPackageReference "firebase-ios-sdk" */;
			productName = FirebaseAuth;
		};
		3513B637289A6B370048616E /* FirebaseDatabase */ = {
			isa = XCSwiftPackageProductDependency;
			package = 3513B634289A6B370048616E /* XCRemoteSwiftPackageReference "firebase-ios-sdk" */;
			productName = FirebaseDatabase;
		};
		3513B639289A6B370048616E /* FirebaseFirestore */ = {
			isa = XCSwiftPackageProductDependency;
			package = 3513B634289A6B370048616E /* XCRemoteSwiftPackageReference "firebase-ios-sdk" */;
			productName = FirebaseFirestore;
		};
		3513B644289B24E60048616E /* CodableFirebase */ = {
			isa = XCSwiftPackageProductDependency;
			package = 3513B643289B24E60048616E /* XCRemoteSwiftPackageReference "CodableFirebase" */;
			productName = CodableFirebase;
		};
		3571DF73289FF3B4009DD354 /* SwiftSMTP */ = {
			isa = XCSwiftPackageProductDependency;
			package = 3571DF72289FF3B4009DD354 /* XCRemoteSwiftPackageReference "Swift-SMTP" */;
			productName = SwiftSMTP;
		};
/* End XCSwiftPackageProductDependency section */
	};
	rootObject = 35556A87286CE4B700988DA7 /* Project object */;
}
